// !$*UTF8*$!
{
	archiveVersion = 1;
	classes = {
	};
	objectVersion = 46;
	objects = {

/* Begin PBXBuildFile section */
		478FDEA31AEB6A7200B5639D /* libx_interface.a in Frameworks */ = {isa = PBXBuildFile; fileRef = 478FDEA21AEB6A7200B5639D /* libx_interface.a */; };
		478FDEA51AEB6AA600B5639D /* libx_foundation.a in Frameworks */ = {isa = PBXBuildFile; fileRef = 478FDEA41AEB6AA600B5639D /* libx_foundation.a */; };
		478FDEA71AEB6AD100B5639D /* main.lua in Resources */ = {isa = PBXBuildFile; fileRef = 478FDEA61AEB6AD100B5639D /* main.lua */; };
		478FDEAB1AEB6CEC00B5639D /* liblua_tinker_static.a in Frameworks */ = {isa = PBXBuildFile; fileRef = 478FDEAA1AEB6CEC00B5639D /* liblua_tinker_static.a */; };
		478FDEAD1AEB6CFE00B5639D /* liblua_static.a in Frameworks */ = {isa = PBXBuildFile; fileRef = 478FDEAC1AEB6CFE00B5639D /* liblua_static.a */; };
		47B7069A1AD9792F00CC92AA /* AppDelegate.m in Sources */ = {isa = PBXBuildFile; fileRef = 47B706991AD9792F00CC92AA /* AppDelegate.m */; };
		47B7069C1AD9792F00CC92AA /* main.m in Sources */ = {isa = PBXBuildFile; fileRef = 47B7069B1AD9792F00CC92AA /* main.m */; };
		47B7069F1AD9792F00CC92AA /* ViewController.mm in Sources */ = {isa = PBXBuildFile; fileRef = 47B7069E1AD9792F00CC92AA /* ViewController.mm */; };
		47B706A11AD9792F00CC92AA /* Images.xcassets in Resources */ = {isa = PBXBuildFile; fileRef = 47B706A01AD9792F00CC92AA /* Images.xcassets */; };
		47B706A41AD9792F00CC92AA /* Main.storyboard in Resources */ = {isa = PBXBuildFile; fileRef = 47B706A21AD9792F00CC92AA /* Main.storyboard */; };
		47B706B01AD9792F00CC92AA /* luaTests.m in Sources */ = {isa = PBXBuildFile; fileRef = 47B706AF1AD9792F00CC92AA /* luaTests.m */; };
/* End PBXBuildFile section */

/* Begin PBXContainerItemProxy section */
		47B706AA1AD9792F00CC92AA /* PBXContainerItemProxy */ = {
			isa = PBXContainerItemProxy;
			containerPortal = 47B7068B1AD9792F00CC92AA /* Project object */;
			proxyType = 1;
			remoteGlobalIDString = 47B706921AD9792F00CC92AA;
			remoteInfo = lua;
		};
/* End PBXContainerItemProxy section */

/* Begin PBXFileReference section */
		478FDEA21AEB6A7200B5639D /* libx_interface.a */ = {isa = PBXFileReference; lastKnownFileType = archive.ar; name = libx_interface.a; path = ../../__platforms/osx/lib/static/libx_interface.a; sourceTree = "<group>"; };
		478FDEA41AEB6AA600B5639D /* libx_foundation.a */ = {isa = PBXFileReference; lastKnownFileType = archive.ar; name = libx_foundation.a; path = ../../__platforms/osx/lib/static/libx_foundation.a; sourceTree = "<group>"; };
		478FDEA61AEB6AD100B5639D /* main.lua */ = {isa = PBXFileReference; lastKnownFileType = text; name = main.lua; path = ../lua_data/main.lua; sourceTree = "<group>"; };
		478FDEA81AEB6CD200B5639D /* liblua_static_d.a */ = {isa = PBXFileReference; lastKnownFileType = archive.ar; name = liblua_static_d.a; path = "../../../xplatform/platforms/osx/lua-5.1.5/lib/liblua_static_d.a"; sourceTree = "<group>"; };
		478FDEAA1AEB6CEC00B5639D /* liblua_tinker_static.a */ = {isa = PBXFileReference; lastKnownFileType = archive.ar; name = liblua_tinker_static.a; path = "../../../xplatform/platforms/osx/lua_tinker-143aa248081/lib/liblua_tinker_static.a"; sourceTree = "<group>"; };
		478FDEAC1AEB6CFE00B5639D /* liblua_static.a */ = {isa = PBXFileReference; lastKnownFileType = archive.ar; name = liblua_static.a; path = "../../../xplatform/platforms/osx/lua-5.1.5/lib/liblua_static.a"; sourceTree = "<group>"; };
		47B706931AD9792F00CC92AA /* lua.app */ = {isa = PBXFileReference; explicitFileType = wrapper.application; includeInIndex = 0; path = lua.app; sourceTree = BUILT_PRODUCTS_DIR; };
		47B706971AD9792F00CC92AA /* Info.plist */ = {isa = PBXFileReference; lastKnownFileType = text.plist.xml; path = Info.plist; sourceTree = "<group>"; };
		47B706981AD9792F00CC92AA /* AppDelegate.h */ = {isa = PBXFileReference; lastKnownFileType = sourcecode.c.h; path = AppDelegate.h; sourceTree = "<group>"; };
		47B706991AD9792F00CC92AA /* AppDelegate.m */ = {isa = PBXFileReference; lastKnownFileType = sourcecode.c.objc; path = AppDelegate.m; sourceTree = "<group>"; };
		47B7069B1AD9792F00CC92AA /* main.m */ = {isa = PBXFileReference; lastKnownFileType = sourcecode.c.objc; path = main.m; sourceTree = "<group>"; };
		47B7069D1AD9792F00CC92AA /* ViewController.h */ = {isa = PBXFileReference; lastKnownFileType = sourcecode.c.h; path = ViewController.h; sourceTree = "<group>"; };
		47B7069E1AD9792F00CC92AA /* ViewController.mm */ = {isa = PBXFileReference; lastKnownFileType = sourcecode.cpp.objcpp; path = ViewController.mm; sourceTree = "<group>"; };
		47B706A01AD9792F00CC92AA /* Images.xcassets */ = {isa = PBXFileReference; lastKnownFileType = folder.assetcatalog; path = Images.xcassets; sourceTree = "<group>"; };
		47B706A31AD9792F00CC92AA /* Base */ = {isa = PBXFileReference; lastKnownFileType = file.storyboard; name = Base; path = Base.lproj/Main.storyboard; sourceTree = "<group>"; };
		47B706A91AD9792F00CC92AA /* luaTests.xctest */ = {isa = PBXFileReference; explicitFileType = wrapper.cfbundle; includeInIndex = 0; path = luaTests.xctest; sourceTree = BUILT_PRODUCTS_DIR; };
		47B706AE1AD9792F00CC92AA /* Info.plist */ = {isa = PBXFileReference; lastKnownFileType = text.plist.xml; path = Info.plist; sourceTree = "<group>"; };
		47B706AF1AD9792F00CC92AA /* luaTests.m */ = {isa = PBXFileReference; lastKnownFileType = sourcecode.c.objc; path = luaTests.m; sourceTree = "<group>"; };
/* End PBXFileReference section */

/* Begin PBXFrameworksBuildPhase section */
		47B706901AD9792F00CC92AA /* Frameworks */ = {
			isa = PBXFrameworksBuildPhase;
			buildActionMask = 2147483647;
			files = (
				478FDEAD1AEB6CFE00B5639D /* liblua_static.a in Frameworks */,
				478FDEAB1AEB6CEC00B5639D /* liblua_tinker_static.a in Frameworks */,
				478FDEA51AEB6AA600B5639D /* libx_foundation.a in Frameworks */,
				478FDEA31AEB6A7200B5639D /* libx_interface.a in Frameworks */,
			);
			runOnlyForDeploymentPostprocessing = 0;
		};
		47B706A61AD9792F00CC92AA /* Frameworks */ = {
			isa = PBXFrameworksBuildPhase;
			buildActionMask = 2147483647;
			files = (
			);
			runOnlyForDeploymentPostprocessing = 0;
		};
/* End PBXFrameworksBuildPhase section */

/* Begin PBXGroup section */
		47B7068A1AD9792F00CC92AA = {
			isa = PBXGroup;
			children = (
				478FDEAC1AEB6CFE00B5639D /* liblua_static.a */,
				478FDEAA1AEB6CEC00B5639D /* liblua_tinker_static.a */,
				478FDEA81AEB6CD200B5639D /* liblua_static_d.a */,
				478FDEA61AEB6AD100B5639D /* main.lua */,
				478FDEA41AEB6AA600B5639D /* libx_foundation.a */,
				478FDEA21AEB6A7200B5639D /* libx_interface.a */,
				47B706951AD9792F00CC92AA /* lua */,
				47B706AC1AD9792F00CC92AA /* luaTests */,
				47B706941AD9792F00CC92AA /* Products */,
			);
			sourceTree = "<group>";
		};
		47B706941AD9792F00CC92AA /* Products */ = {
			isa = PBXGroup;
			children = (
				47B706931AD9792F00CC92AA /* lua.app */,
				47B706A91AD9792F00CC92AA /* luaTests.xctest */,
			);
			name = Products;
			sourceTree = "<group>";
		};
		47B706951AD9792F00CC92AA /* lua */ = {
			isa = PBXGroup;
			children = (
				47B706981AD9792F00CC92AA /* AppDelegate.h */,
				47B706991AD9792F00CC92AA /* AppDelegate.m */,
				47B7069D1AD9792F00CC92AA /* ViewController.h */,
				47B7069E1AD9792F00CC92AA /* ViewController.mm */,
				47B706A01AD9792F00CC92AA /* Images.xcassets */,
				47B706A21AD9792F00CC92AA /* Main.storyboard */,
				47B706961AD9792F00CC92AA /* Supporting Files */,
			);
			path = lua;
			sourceTree = "<group>";
		};
		47B706961AD9792F00CC92AA /* Supporting Files */ = {
			isa = PBXGroup;
			children = (
				47B706971AD9792F00CC92AA /* Info.plist */,
				47B7069B1AD9792F00CC92AA /* main.m */,
			);
			name = "Supporting Files";
			sourceTree = "<group>";
		};
		47B706AC1AD9792F00CC92AA /* luaTests */ = {
			isa = PBXGroup;
			children = (
				47B706AF1AD9792F00CC92AA /* luaTests.m */,
				47B706AD1AD9792F00CC92AA /* Supporting Files */,
			);
			path = luaTests;
			sourceTree = "<group>";
		};
		47B706AD1AD9792F00CC92AA /* Supporting Files */ = {
			isa = PBXGroup;
			children = (
				47B706AE1AD9792F00CC92AA /* Info.plist */,
			);
			name = "Supporting Files";
			sourceTree = "<group>";
		};
/* End PBXGroup section */

/* Begin PBXNativeTarget section */
		47B706921AD9792F00CC92AA /* lua */ = {
			isa = PBXNativeTarget;
			buildConfigurationList = 47B706B31AD9792F00CC92AA /* Build configuration list for PBXNativeTarget "lua" */;
			buildPhases = (
				47B7068F1AD9792F00CC92AA /* Sources */,
				47B706901AD9792F00CC92AA /* Frameworks */,
				47B706911AD9792F00CC92AA /* Resources */,
			);
			buildRules = (
			);
			dependencies = (
			);
			name = lua;
			productName = lua;
			productReference = 47B706931AD9792F00CC92AA /* lua.app */;
			productType = "com.apple.product-type.application";
		};
		47B706A81AD9792F00CC92AA /* luaTests */ = {
			isa = PBXNativeTarget;
			buildConfigurationList = 47B706B61AD9792F00CC92AA /* Build configuration list for PBXNativeTarget "luaTests" */;
			buildPhases = (
				47B706A51AD9792F00CC92AA /* Sources */,
				47B706A61AD9792F00CC92AA /* Frameworks */,
				47B706A71AD9792F00CC92AA /* Resources */,
			);
			buildRules = (
			);
			dependencies = (
				47B706AB1AD9792F00CC92AA /* PBXTargetDependency */,
			);
			name = luaTests;
			productName = luaTests;
			productReference = 47B706A91AD9792F00CC92AA /* luaTests.xctest */;
			productType = "com.apple.product-type.bundle.unit-test";
		};
/* End PBXNativeTarget section */

/* Begin PBXProject section */
		47B7068B1AD9792F00CC92AA /* Project object */ = {
			isa = PBXProject;
			attributes = {
				LastUpgradeCheck = 0620;
				ORGANIZATIONNAME = com.example;
				TargetAttributes = {
					47B706921AD9792F00CC92AA = {
						CreatedOnToolsVersion = 6.2;
					};
					47B706A81AD9792F00CC92AA = {
						CreatedOnToolsVersion = 6.2;
						TestTargetID = 47B706921AD9792F00CC92AA;
					};
				};
			};
			buildConfigurationList = 47B7068E1AD9792F00CC92AA /* Build configuration list for PBXProject "lua" */;
			compatibilityVersion = "Xcode 3.2";
			developmentRegion = English;
			hasScannedForEncodings = 0;
			knownRegions = (
				en,
				Base,
			);
			mainGroup = 47B7068A1AD9792F00CC92AA;
			productRefGroup = 47B706941AD9792F00CC92AA /* Products */;
			projectDirPath = "";
			projectRoot = "";
			targets = (
				47B706921AD9792F00CC92AA /* lua */,
				47B706A81AD9792F00CC92AA /* luaTests */,
			);
		};
/* End PBXProject section */

/* Begin PBXResourcesBuildPhase section */
		47B706911AD9792F00CC92AA /* Resources */ = {
			isa = PBXResourcesBuildPhase;
			buildActionMask = 2147483647;
			files = (
				478FDEA71AEB6AD100B5639D /* main.lua in Resources */,
				47B706A11AD9792F00CC92AA /* Images.xcassets in Resources */,
				47B706A41AD9792F00CC92AA /* Main.storyboard in Resources */,
			);
			runOnlyForDeploymentPostprocessing = 0;
		};
		47B706A71AD9792F00CC92AA /* Resources */ = {
			isa = PBXResourcesBuildPhase;
			buildActionMask = 2147483647;
			files = (
			);
			runOnlyForDeploymentPostprocessing = 0;
		};
/* End PBXResourcesBuildPhase section */

/* Begin PBXSourcesBuildPhase section */
		47B7068F1AD9792F00CC92AA /* Sources */ = {
			isa = PBXSourcesBuildPhase;
			buildActionMask = 2147483647;
			files = (
				47B7069F1AD9792F00CC92AA /* ViewController.mm in Sources */,
				47B7069C1AD9792F00CC92AA /* main.m in Sources */,
				47B7069A1AD9792F00CC92AA /* AppDelegate.m in Sources */,
			);
			runOnlyForDeploymentPostprocessing = 0;
		};
		47B706A51AD9792F00CC92AA /* Sources */ = {
			isa = PBXSourcesBuildPhase;
			buildActionMask = 2147483647;
			files = (
				47B706B01AD9792F00CC92AA /* luaTests.m in Sources */,
			);
			runOnlyForDeploymentPostprocessing = 0;
		};
/* End PBXSourcesBuildPhase section */

/* Begin PBXTargetDependency section */
		47B706AB1AD9792F00CC92AA /* PBXTargetDependency */ = {
			isa = PBXTargetDependency;
			target = 47B706921AD9792F00CC92AA /* lua */;
			targetProxy = 47B706AA1AD9792F00CC92AA /* PBXContainerItemProxy */;
		};
/* End PBXTargetDependency section */

/* Begin PBXVariantGroup section */
		47B706A21AD9792F00CC92AA /* Main.storyboard */ = {
			isa = PBXVariantGroup;
			children = (
				47B706A31AD9792F00CC92AA /* Base */,
			);
			name = Main.storyboard;
			sourceTree = "<group>";
		};
/* End PBXVariantGroup section */

/* Begin XCBuildConfiguration section */
		47B706B11AD9792F00CC92AA /* Debug */ = {
			isa = XCBuildConfiguration;
			buildSettings = {
				ALWAYS_SEARCH_USER_PATHS = NO;
				CLANG_CXX_LANGUAGE_STANDARD = "gnu++0x";
				CLANG_CXX_LIBRARY = "libc++";
				CLANG_ENABLE_MODULES = YES;
				CLANG_ENABLE_OBJC_ARC = YES;
				CLANG_WARN_BOOL_CONVERSION = YES;
				CLANG_WARN_CONSTANT_CONVERSION = YES;
				CLANG_WARN_DIRECT_OBJC_ISA_USAGE = YES_ERROR;
				CLANG_WARN_EMPTY_BODY = YES;
				CLANG_WARN_ENUM_CONVERSION = YES;
				CLANG_WARN_INT_CONVERSION = YES;
				CLANG_WARN_OBJC_ROOT_CLASS = YES_ERROR;
				CLANG_WARN_UNREACHABLE_CODE = YES;
				CLANG_WARN__DUPLICATE_METHOD_MATCH = YES;
				CODE_SIGN_IDENTITY = "-";
				COPY_PHASE_STRIP = NO;
				ENABLE_STRICT_OBJC_MSGSEND = YES;
				GCC_C_LANGUAGE_STANDARD = gnu99;
				GCC_DYNAMIC_NO_PIC = NO;
				GCC_OPTIMIZATION_LEVEL = 0;
				GCC_PREPROCESSOR_DEFINITIONS = (
					"DEBUG=1",
					"$(inherited)",
				);
				GCC_SYMBOLS_PRIVATE_EXTERN = NO;
				GCC_WARN_64_TO_32_BIT_CONVERSION = YES;
				GCC_WARN_ABOUT_RETURN_TYPE = YES_ERROR;
				GCC_WARN_UNDECLARED_SELECTOR = YES;
				GCC_WARN_UNINITIALIZED_AUTOS = YES_AGGRESSIVE;
				GCC_WARN_UNUSED_FUNCTION = YES;
				GCC_WARN_UNUSED_VARIABLE = YES;
				HEADER_SEARCH_PATHS = (
					"$(inherited)",
					/Applications/Xcode.app/Contents/Developer/Toolchains/XcodeDefault.xctoolchain/usr/include,
					../../__platforms/osx/include,
					"../../__prebuilts/osx/lua-5.1.5/include",
					"../../__prebuilts/osx/lua_tinker-143aa248081/include",
				);
				LIBRARY_SEARCH_PATHS = (
					"../../__prebuilts/osx/lua-5.1.5/lib",
					"../../__prebuilts/osx/lua_tinker-143aa248081/lib",
				);
				MACOSX_DEPLOYMENT_TARGET = 10.10;
				MTL_ENABLE_DEBUG_INFO = YES;
				ONLY_ACTIVE_ARCH = YES;
				OTHER_LDFLAGS = "-ObjC";
				SDKROOT = macosx;
			};
			name = Debug;
		};
		47B706B21AD9792F00CC92AA /* Release */ = {
			isa = XCBuildConfiguration;
			buildSettings = {
				ALWAYS_SEARCH_USER_PATHS = NO;
				CLANG_CXX_LANGUAGE_STANDARD = "gnu++0x";
				CLANG_CXX_LIBRARY = "libc++";
				CLANG_ENABLE_MODULES = YES;
				CLANG_ENABLE_OBJC_ARC = YES;
				CLANG_WARN_BOOL_CONVERSION = YES;
				CLANG_WARN_CONSTANT_CONVERSION = YES;
				CLANG_WARN_DIRECT_OBJC_ISA_USAGE = YES_ERROR;
				CLANG_WARN_EMPTY_BODY = YES;
				CLANG_WARN_ENUM_CONVERSION = YES;
				CLANG_WARN_INT_CONVERSION = YES;
				CLANG_WARN_OBJC_ROOT_CLASS = YES_ERROR;
				CLANG_WARN_UNREACHABLE_CODE = YES;
				CLANG_WARN__DUPLICATE_METHOD_MATCH = YES;
				CODE_SIGN_IDENTITY = "-";
				COPY_PHASE_STRIP = NO;
				DEBUG_INFORMATION_FORMAT = "dwarf-with-dsym";
				ENABLE_NS_ASSERTIONS = NO;
				ENABLE_STRICT_OBJC_MSGSEND = YES;
				GCC_C_LANGUAGE_STANDARD = gnu99;
				GCC_WARN_64_TO_32_BIT_CONVERSION = YES;
				GCC_WARN_ABOUT_RETURN_TYPE = YES_ERROR;
				GCC_WARN_UNDECLARED_SELECTOR = YES;
				GCC_WARN_UNINITIALIZED_AUTOS = YES_AGGRESSIVE;
				GCC_WARN_UNUSED_FUNCTION = YES;
				GCC_WARN_UNUSED_VARIABLE = YES;
				HEADER_SEARCH_PATHS = (
					"$(inherited)",
					/Applications/Xcode.app/Contents/Developer/Toolchains/XcodeDefault.xctoolchain/usr/include,
					../../__platforms/osx/include,
					"../../__prebuilts/osx/lua-5.1.5/include",
					"../../__prebuilts/osx/lua_tinker-143aa248081/include",
				);
				LIBRARY_SEARCH_PATHS = (
					"../../__prebuilts/osx/lua-5.1.5/lib",
					"../../__prebuilts/osx/lua_tinker-143aa248081/lib",
				);
				MACOSX_DEPLOYMENT_TARGET = 10.10;
				MTL_ENABLE_DEBUG_INFO = NO;
				OTHER_LDFLAGS = "-ObjC";
				SDKROOT = macosx;
			};
			name = Release;
		};
		47B706B41AD9792F00CC92AA /* Debug */ = {
			isa = XCBuildConfiguration;
			buildSettings = {
				ASSETCATALOG_COMPILER_APPICON_NAME = AppIcon;
				COMBINE_HIDPI_IMAGES = YES;
				INFOPLIST_FILE = lua/Info.plist;
				LD_RUNPATH_SEARCH_PATHS = "$(inherited) @executable_path/../Frameworks";
				LIBRARY_SEARCH_PATHS = (
					"$(inherited)",
					/Users/jaru/GitHubProjects/xapp/__platforms/osx/lib/universal,
					/Users/jaru/GitHubProjects/xapp/__platforms/osx/lib/static,
					"/Users/jaru/GitHubProjects/xplatform/platforms/osx/lua-5.1.5/lib",
					"/Users/jaru/GitHubProjects/xplatform/platforms/osx/lua_tinker-143aa248081/lib",
				);
				PRODUCT_NAME = "$(TARGET_NAME)";
			};
			name = Debug;
		};
		47B706B51AD9792F00CC92AA /* Release */ = {
			isa = XCBuildConfiguration;
			buildSettings = {
				ASSETCATALOG_COMPILER_APPICON_NAME = AppIcon;
				COMBINE_HIDPI_IMAGES = YES;
				INFOPLIST_FILE = lua/Info.plist;
				LD_RUNPATH_SEARCH_PATHS = "$(inherited) @executable_path/../Frameworks";
				LIBRARY_SEARCH_PATHS = (
					"$(inherited)",
					/Users/jaru/GitHubProjects/xapp/__platforms/osx/lib/universal,
					/Users/jaru/GitHubProjects/xapp/__platforms/osx/lib/static,
					"/Users/jaru/GitHubProjects/xplatform/platforms/osx/lua-5.1.5/lib",
					"/Users/jaru/GitHubProjects/xplatform/platforms/osx/lua_tinker-143aa248081/lib",
				);
				PRODUCT_NAME = "$(TARGET_NAME)";
			};
			name = Release;
		};
		47B706B71AD9792F00CC92AA /* Debug */ = {
			isa = XCBuildConfiguration;
			buildSettings = {
				BUNDLE_LOADER = "$(TEST_HOST)";
				COMBINE_HIDPI_IMAGES = YES;
				FRAMEWORK_SEARCH_PATHS = (
					"$(DEVELOPER_FRAMEWORKS_DIR)",
					"$(inherited)",
				);
				GCC_PREPROCESSOR_DEFINITIONS = (
					"DEBUG=1",
					"$(inherited)",
				);
				INFOPLIST_FILE = luaTests/Info.plist;
				LD_RUNPATH_SEARCH_PATHS = "$(inherited) @executable_path/../Frameworks @loader_path/../Frameworks";
				PRODUCT_NAME = "$(TARGET_NAME)";
				TEST_HOST = "$(BUILT_PRODUCTS_DIR)/lua.app/Contents/MacOS/lua";
			};
			name = Debug;
		};
		47B706B81AD9792F00CC92AA /* Release */ = {
			isa = XCBuildConfiguration;
			buildSettings = {
				BUNDLE_LOADER = "$(TEST_HOST)";
				COMBINE_HIDPI_IMAGES = YES;
				FRAMEWORK_SEARCH_PATHS = (
					"$(DEVELOPER_FRAMEWORKS_DIR)",
					"$(inherited)",
				);
				INFOPLIST_FILE = luaTests/Info.plist;
				LD_RUNPATH_SEARCH_PATHS = "$(inherited) @executable_path/../Frameworks @loader_path/../Frameworks";
				PRODUCT_NAME = "$(TARGET_NAME)";
				TEST_HOST = "$(BUILT_PRODUCTS_DIR)/lua.app/Contents/MacOS/lua";
			};
			name = Release;
		};
/* End XCBuildConfiguration section */

/* Begin XCConfigurationList section */
		47B7068E1AD9792F00CC92AA /* Build configuration list for PBXProject "lua" */ = {
			isa = XCConfigurationList;
			buildConfigurations = (
				47B706B11AD9792F00CC92AA /* Debug */,
				47B706B21AD9792F00CC92AA /* Release */,
			);
			defaultConfigurationIsVisible = 0;
			defaultConfigurationName = Release;
		};
		47B706B31AD9792F00CC92AA /* Build configuration list for PBXNativeTarget "lua" */ = {
			isa = XCConfigurationList;
			buildConfigurations = (
				47B706B41AD9792F00CC92AA /* Debug */,
				47B706B51AD9792F00CC92AA /* Release */,
			);
			defaultConfigurationIsVisible = 0;
			defaultConfigurationName = Release;
		};
		47B706B61AD9792F00CC92AA /* Build configuration list for PBXNativeTarget "luaTests" */ = {
			isa = XCConfigurationList;
			buildConfigurations = (
				47B706B71AD9792F00CC92AA /* Debug */,
				47B706B81AD9792F00CC92AA /* Release */,
			);
			defaultConfigurationIsVisible = 0;
			defaultConfigurationName = Release;
		};
/* End XCConfigurationList section */
	};
	rootObject = 47B7068B1AD9792F00CC92AA /* Project object */;
}
